
Microsoft Visual Studio Solution File, Format Version 12.00
# Visual Studio 14
VisualStudioVersion = 14.0.25420.1
MinimumVisualStudioVersion = 10.0.40219.1
Project("{FAE04EC0-301F-11D3-BF4B-00C04F79EFBC}") = "DOIPRService", "doipr\DOIPRService.csproj", "{CE282CB8-656F-4028-82F7-B67335948BF1}"
EndProject
Project("{FAE04EC0-301F-11D3-BF4B-00C04F79EFBC}") = "Console", "Console\Console.csproj", "{0823B095-30F0-42A2-B984-06994448310B}"
EndProject
Global
	GlobalSection(SolutionConfigurationPlatforms) = preSolution
		Debug|Any CPU = Debug|Any CPU
		Release|Any CPU = Release|Any CPU
	EndGlobalSection
	GlobalSection(ProjectConfigurationPlatforms) = postSolution
		{CE282CB8-656F-4028-82F7-B67335948BF1}.Debug|Any CPU.ActiveCfg = Debug|Any CPU
		{CE282CB8-656F-4028-82F7-B67335948BF1}.Debug|Any CPU.Build.0 = Debug|Any CPU
		{CE282CB8-656F-4028-82F7-B67335948BF1}.Release|Any CPU.ActiveCfg = Release|Any CPU
		{CE282CB8-656F-4028-82F7-B67335948BF1}.Release|Any CPU.Build.0 = Release|Any CPU
		{0823B095-30F0-42A2-B984-06994448310B}.Debug|Any CPU.ActiveCfg = Debug|Any CPU
		{0823B095-30F0-42A2-B984-06994448310B}.Debug|Any CPU.Build.0 = Debug|Any CPU
		{0823B095-30F0-42A2-B984-06994448310B}.Release|Any CPU.ActiveCfg = Release|Any CPU
		{0823B095-30F0-42A2-B984-06994448310B}.Release|Any CPU.Build.0 = Release|Any CPU
	EndGlobalSection
	GlobalSection(SolutionProperties) = preSolution
		HideSolutionNode = FALSE
	EndGlobalSection
EndGlobal
